
Microsoft Visual Studio Solution File, Format Version 12.00
# Visual Studio Version 17
VisualStudioVersion = 17.1.32414.318
MinimumVisualStudioVersion = 10.0.40219.1
Project("{2150E333-8FDC-42A3-9474-1A3956D46DE8}") = "Proxy", "Proxy", "{618856F7-7282-4CFE-B34C-97D413C48701}"
EndProject
Project("{9A19103F-16F7-4668-BE54-9A1E7A4F7556}") = "ProxyApp", "Proxy\ProxyApp\ProxyApp.csproj", "{B63EA5A2-0858-402A-9F89-EADE0FDDF121}"
EndProject
Project("{2150E333-8FDC-42A3-9474-1A3956D46DE8}") = "Basic", "Basic", "{FDF99D77-0277-4ADD-85D0-FB1907444A29}"
EndProject
Project("{9A19103F-16F7-4668-BE54-9A1E7A4F7556}") = "CastleDynamicProxyFirstApp", "CastleDynamicProxyFirstApp\CastleDynamicProxyFirstApp.csproj", "{ADF8C0F6-2342-4849-A212-52C6F687CAB4}"
EndProject
Project("{FAE04EC0-301F-11D3-BF4B-00C04F79EFBC}") = "InvocationApp", "InvocationApp\InvocationApp.csproj", "{C5370766-AF52-4403-AF94-1A840C1C07DD}"
EndProject
Project("{FAE04EC0-301F-11D3-BF4B-00C04F79EFBC}") = "Entities", "Entities\Entities.csproj", "{F24A700B-F48F-44E1-9B7C-2FFA9B1190B8}"
EndProject
Project("{FAE04EC0-301F-11D3-BF4B-00C04F79EFBC}") = "Core", "Core\Core.csproj", "{C0F55410-84EB-408B-B146-A4AD6FB3D9D2}"
EndProject
Global
	GlobalSection(SolutionConfigurationPlatforms) = preSolution
		Debug|Any CPU = Debug|Any CPU
		Release|Any CPU = Release|Any CPU
	EndGlobalSection
	GlobalSection(ProjectConfigurationPlatforms) = postSolution
		{B63EA5A2-0858-402A-9F89-EADE0FDDF121}.Debug|Any CPU.ActiveCfg = Debug|Any CPU
		{B63EA5A2-0858-402A-9F89-EADE0FDDF121}.Debug|Any CPU.Build.0 = Debug|Any CPU
		{B63EA5A2-0858-402A-9F89-EADE0FDDF121}.Release|Any CPU.ActiveCfg = Release|Any CPU
		{B63EA5A2-0858-402A-9F89-EADE0FDDF121}.Release|Any CPU.Build.0 = Release|Any CPU
		{ADF8C0F6-2342-4849-A212-52C6F687CAB4}.Debug|Any CPU.ActiveCfg = Debug|Any CPU
		{ADF8C0F6-2342-4849-A212-52C6F687CAB4}.Debug|Any CPU.Build.0 = Debug|Any CPU
		{ADF8C0F6-2342-4849-A212-52C6F687CAB4}.Release|Any CPU.ActiveCfg = Release|Any CPU
		{ADF8C0F6-2342-4849-A212-52C6F687CAB4}.Release|Any CPU.Build.0 = Release|Any CPU
		{C5370766-AF52-4403-AF94-1A840C1C07DD}.Debug|Any CPU.ActiveCfg = Debug|Any CPU
		{C5370766-AF52-4403-AF94-1A840C1C07DD}.Debug|Any CPU.Build.0 = Debug|Any CPU
		{C5370766-AF52-4403-AF94-1A840C1C07DD}.Release|Any CPU.ActiveCfg = Release|Any CPU
		{C5370766-AF52-4403-AF94-1A840C1C07DD}.Release|Any CPU.Build.0 = Release|Any CPU
		{F24A700B-F48F-44E1-9B7C-2FFA9B1190B8}.Debug|Any CPU.ActiveCfg = Debug|Any CPU
		{F24A700B-F48F-44E1-9B7C-2FFA9B1190B8}.Debug|Any CPU.Build.0 = Debug|Any CPU
		{F24A700B-F48F-44E1-9B7C-2FFA9B1190B8}.Release|Any CPU.ActiveCfg = Release|Any CPU
		{F24A700B-F48F-44E1-9B7C-2FFA9B1190B8}.Release|Any CPU.Build.0 = Release|Any CPU
		{C0F55410-84EB-408B-B146-A4AD6FB3D9D2}.Debug|Any CPU.ActiveCfg = Debug|Any CPU
		{C0F55410-84EB-408B-B146-A4AD6FB3D9D2}.Debug|Any CPU.Build.0 = Debug|Any CPU
		{C0F55410-84EB-408B-B146-A4AD6FB3D9D2}.Release|Any CPU.ActiveCfg = Release|Any CPU
		{C0F55410-84EB-408B-B146-A4AD6FB3D9D2}.Release|Any CPU.Build.0 = Release|Any CPU
	EndGlobalSection
	GlobalSection(SolutionProperties) = preSolution
		HideSolutionNode = FALSE
	EndGlobalSection
	GlobalSection(NestedProjects) = preSolution
		{B63EA5A2-0858-402A-9F89-EADE0FDDF121} = {618856F7-7282-4CFE-B34C-97D413C48701}
		{ADF8C0F6-2342-4849-A212-52C6F687CAB4} = {FDF99D77-0277-4ADD-85D0-FB1907444A29}
		{C5370766-AF52-4403-AF94-1A840C1C07DD} = {FDF99D77-0277-4ADD-85D0-FB1907444A29}
	EndGlobalSection
	GlobalSection(ExtensibilityGlobals) = postSolution
		SolutionGuid = {EB67944D-5B4E-4517-9D71-9A3AB357E142}
	EndGlobalSection
EndGlobal
